// !$*UTF8*$!
{
	archiveVersion = 1;
	classes = {
	};
	objectVersion = 46;
	objects = {

/* Begin PBXBuildFile section */
		5E72C5D01D5D21EC000942D6 /* main.m in Sources */ = {isa = PBXBuildFile; fileRef = 5E72C5CF1D5D21EC000942D6 /* main.m */; };
		5E72C5D31D5D21EC000942D6 /* AppDelegate.m in Sources */ = {isa = PBXBuildFile; fileRef = 5E72C5D21D5D21EC000942D6 /* AppDelegate.m */; };
		5E72C5D61D5D21EC000942D6 /* ViewController.m in Sources */ = {isa = PBXBuildFile; fileRef = 5E72C5D51D5D21EC000942D6 /* ViewController.m */; };
		5E72C5D91D5D21EC000942D6 /* Main.storyboard in Resources */ = {isa = PBXBuildFile; fileRef = 5E72C5D71D5D21EC000942D6 /* Main.storyboard */; };
		5E72C5DB1D5D21EC000942D6 /* Assets.xcassets in Resources */ = {isa = PBXBuildFile; fileRef = 5E72C5DA1D5D21EC000942D6 /* Assets.xcassets */; };
		5E72C5DE1D5D21EC000942D6 /* LaunchScreen.storyboard in Resources */ = {isa = PBXBuildFile; fileRef = 5E72C5DC1D5D21EC000942D6 /* LaunchScreen.storyboard */; };
		5E72C5E71D5D2233000942D6 /* BNRLine.m in Sources */ = {isa = PBXBuildFile; fileRef = 5E72C5E61D5D2233000942D6 /* BNRLine.m */; };
		5E72C5EA1D5D22EB000942D6 /* BNRDrawView.m in Sources */ = {isa = PBXBuildFile; fileRef = 5E72C5E91D5D22EB000942D6 /* BNRDrawView.m */; };
		5E72C5ED1D5D2381000942D6 /* BNRDrawViewController.m in Sources */ = {isa = PBXBuildFile; fileRef = 5E72C5EC1D5D2381000942D6 /* BNRDrawViewController.m */; };
/* End PBXBuildFile section */

/* Begin PBXFileReference section */
		5E72C5CB1D5D21EC000942D6 /* BNRTouchTracker.app */ = {isa = PBXFileReference; explicitFileType = wrapper.application; includeInIndex = 0; path = BNRTouchTracker.app; sourceTree = BUILT_PRODUCTS_DIR; };
		5E72C5CF1D5D21EC000942D6 /* main.m */ = {isa = PBXFileReference; lastKnownFileType = sourcecode.c.objc; path = main.m; sourceTree = "<group>"; };
		5E72C5D11D5D21EC000942D6 /* AppDelegate.h */ = {isa = PBXFileReference; lastKnownFileType = sourcecode.c.h; path = AppDelegate.h; sourceTree = "<group>"; };
		5E72C5D21D5D21EC000942D6 /* AppDelegate.m */ = {isa = PBXFileReference; lastKnownFileType = sourcecode.c.objc; path = AppDelegate.m; sourceTree = "<group>"; };
		5E72C5D41D5D21EC000942D6 /* ViewController.h */ = {isa = PBXFileReference; lastKnownFileType = sourcecode.c.h; path = ViewController.h; sourceTree = "<group>"; };
		5E72C5D51D5D21EC000942D6 /* ViewController.m */ = {isa = PBXFileReference; lastKnownFileType = sourcecode.c.objc; path = ViewController.m; sourceTree = "<group>"; };
		5E72C5D81D5D21EC000942D6 /* Base */ = {isa = PBXFileReference; lastKnownFileType = file.storyboard; name = Base; path = Base.lproj/Main.storyboard; sourceTree = "<group>"; };
		5E72C5DA1D5D21EC000942D6 /* Assets.xcassets */ = {isa = PBXFileReference; lastKnownFileType = folder.assetcatalog; path = Assets.xcassets; sourceTree = "<group>"; };
		5E72C5DD1D5D21EC000942D6 /* Base */ = {isa = PBXFileReference; lastKnownFileType = file.storyboard; name = Base; path = Base.lproj/LaunchScreen.storyboard; sourceTree = "<group>"; };
		5E72C5DF1D5D21EC000942D6 /* Info.plist */ = {isa = PBXFileReference; lastKnownFileType = text.plist.xml; path = Info.plist; sourceTree = "<group>"; };
		5E72C5E51D5D2233000942D6 /* BNRLine.h */ = {isa = PBXFileReference; fileEncoding = 4; lastKnownFileType = sourcecode.c.h; name = BNRLine.h; path = ../BNRLine.h; sourceTree = "<group>"; };
		5E72C5E61D5D2233000942D6 /* BNRLine.m */ = {isa = PBXFileReference; fileEncoding = 4; lastKnownFileType = sourcecode.c.objc; name = BNRLine.m; path = ../BNRLine.m; sourceTree = "<group>"; };
		5E72C5E81D5D22EB000942D6 /* BNRDrawView.h */ = {isa = PBXFileReference; fileEncoding = 4; lastKnownFileType = sourcecode.c.h; path = BNRDrawView.h; sourceTree = "<group>"; };
		5E72C5E91D5D22EB000942D6 /* BNRDrawView.m */ = {isa = PBXFileReference; fileEncoding = 4; lastKnownFileType = sourcecode.c.objc; path = BNRDrawView.m; sourceTree = "<group>"; };
		5E72C5EB1D5D2381000942D6 /* BNRDrawViewController.h */ = {isa = PBXFileReference; fileEncoding = 4; lastKnownFileType = sourcecode.c.h; path = BNRDrawViewController.h; sourceTree = "<group>"; };
		5E72C5EC1D5D2381000942D6 /* BNRDrawViewController.m */ = {isa = PBXFileReference; fileEncoding = 4; lastKnownFileType = sourcecode.c.objc; path = BNRDrawViewController.m; sourceTree = "<group>"; };
/* End PBXFileReference section */

/* Begin PBXFrameworksBuildPhase section */
		5E72C5C81D5D21EC000942D6 /* Frameworks */ = {
			isa = PBXFrameworksBuildPhase;
			buildActionMask = 2147483647;
			files = (
			);
			runOnlyForDeploymentPostprocessing = 0;
		};
/* End PBXFrameworksBuildPhase section */

/* Begin PBXGroup section */
		5E72C5C21D5D21EC000942D6 = {
			isa = PBXGroup;
			children = (
				5E72C5CD1D5D21EC000942D6 /* BNRTouchTracker */,
				5E72C5CC1D5D21EC000942D6 /* Products */,
			);
			sourceTree = "<group>";
		};
		5E72C5CC1D5D21EC000942D6 /* Products */ = {
			isa = PBXGroup;
			children = (
				5E72C5CB1D5D21EC000942D6 /* BNRTouchTracker.app */,
			);
			name = Products;
			sourceTree = "<group>";
		};
		5E72C5CD1D5D21EC000942D6 /* BNRTouchTracker */ = {
			isa = PBXGroup;
			children = (
				5E72C5EB1D5D2381000942D6 /* BNRDrawViewController.h */,
				5E72C5EC1D5D2381000942D6 /* BNRDrawViewController.m */,
				5E72C5E81D5D22EB000942D6 /* BNRDrawView.h */,
				5E72C5E91D5D22EB000942D6 /* BNRDrawView.m */,
				5E72C5E51D5D2233000942D6 /* BNRLine.h */,
				5E72C5E61D5D2233000942D6 /* BNRLine.m */,
				5E72C5D11D5D21EC000942D6 /* AppDelegate.h */,
				5E72C5D21D5D21EC000942D6 /* AppDelegate.m */,
				5E72C5D41D5D21EC000942D6 /* ViewController.h */,
				5E72C5D51D5D21EC000942D6 /* ViewController.m */,
				5E72C5D71D5D21EC000942D6 /* Main.storyboard */,
				5E72C5DA1D5D21EC000942D6 /* Assets.xcassets */,
				5E72C5DC1D5D21EC000942D6 /* LaunchScreen.storyboard */,
				5E72C5DF1D5D21EC000942D6 /* Info.plist */,
				5E72C5CE1D5D21EC000942D6 /* Supporting Files */,
			);
			path = BNRTouchTracker;
			sourceTree = "<group>";
		};
		5E72C5CE1D5D21EC000942D6 /* Supporting Files */ = {
			isa = PBXGroup;
			children = (
				5E72C5CF1D5D21EC000942D6 /* main.m */,
			);
			name = "Supporting Files";
			sourceTree = "<group>";
		};
/* End PBXGroup section */

/* Begin PBXNativeTarget section */
		5E72C5CA1D5D21EC000942D6 /* BNRTouchTracker */ = {
			isa = PBXNativeTarget;
			buildConfigurationList = 5E72C5E21D5D21EC000942D6 /* Build configuration list for PBXNativeTarget "BNRTouchTracker" */;
			buildPhases = (
				5E72C5C71D5D21EC000942D6 /* Sources */,
				5E72C5C81D5D21EC000942D6 /* Frameworks */,
				5E72C5C91D5D21EC000942D6 /* Resources */,
			);
			buildRules = (
			);
			dependencies = (
			);
			name = BNRTouchTracker;
			productName = BNRTouchTracker;
			productReference = 5E72C5CB1D5D21EC000942D6 /* BNRTouchTracker.app */;
			productType = "com.apple.product-type.application";
		};
/* End PBXNativeTarget section */

/* Begin PBXProject section */
		5E72C5C31D5D21EC000942D6 /* Project object */ = {
			isa = PBXProject;
			attributes = {
				LastUpgradeCheck = 0730;
				ORGANIZATIONNAME = YangJialin;
				TargetAttributes = {
					5E72C5CA1D5D21EC000942D6 = {
						CreatedOnToolsVersion = 7.3;
						DevelopmentTeam = 33B7UJPHYY;
					};
				};
			};
			buildConfigurationList = 5E72C5C61D5D21EC000942D6 /* Build configuration list for PBXProject "BNRTouchTracker" */;
			compatibilityVersion = "Xcode 3.2";
			developmentRegion = English;
			hasScannedForEncodings = 0;
			knownRegions = (
				en,
				Base,
			);
			mainGroup = 5E72C5C21D5D21EC000942D6;
			productRefGroup = 5E72C5CC1D5D21EC000942D6 /* Products */;
			projectDirPath = "";
			projectRoot = "";
			targets = (
				5E72C5CA1D5D21EC000942D6 /* BNRTouchTracker */,
			);
		};
/* End PBXProject section */

/* Begin PBXResourcesBuildPhase section */
		5E72C5C91D5D21EC000942D6 /* Resources */ = {
			isa = PBXResourcesBuildPhase;
			buildActionMask = 2147483647;
			files = (
				5E72C5DE1D5D21EC000942D6 /* LaunchScreen.storyboard in Resources */,
				5E72C5DB1D5D21EC000942D6 /* Assets.xcassets in Resources */,
				5E72C5D91D5D21EC000942D6 /* Main.storyboard in Resources */,
			);
			runOnlyForDeploymentPostprocessing = 0;
		};
/* End PBXResourcesBuildPhase section */

/* Begin PBXSourcesBuildPhase section */
		5E72C5C71D5D21EC000942D6 /* Sources */ = {
			isa = PBXSourcesBuildPhase;
			buildActionMask = 2147483647;
			files = (
				5E72C5EA1D5D22EB000942D6 /* BNRDrawView.m in Sources */,
				5E72C5ED1D5D2381000942D6 /* BNRDrawViewController.m in Sources */,
				5E72C5D61D5D21EC000942D6 /* ViewController.m in Sources */,
				5E72C5D31D5D21EC000942D6 /* AppDelegate.m in Sources */,
				5E72C5E71D5D2233000942D6 /* BNRLine.m in Sources */,
				5E72C5D01D5D21EC000942D6 /* main.m in Sources */,
			);
			runOnlyForDeploymentPostprocessing = 0;
		};
/* End PBXSourcesBuildPhase section */

/* Begin PBXVariantGroup section */
		5E72C5D71D5D21EC000942D6 /* Main.storyboard */ = {
			isa = PBXVariantGroup;
			children = (
				5E72C5D81D5D21EC000942D6 /* Base */,
			);
			name = Main.storyboard;
			sourceTree = "<group>";
		};
		5E72C5DC1D5D21EC000942D6 /* LaunchScreen.storyboard */ = {
			isa = PBXVariantGroup;
			children = (
				5E72C5DD1D5D21EC000942D6 /* Base */,
			);
			name = LaunchScreen.storyboard;
			sourceTree = "<group>";
		};
/* End PBXVariantGroup section */

/* Begin XCBuildConfiguration section */
		5E72C5E01D5D21EC000942D6 /* Debug */ = {
			isa = XCBuildConfiguration;
			buildSettings = {
				ALWAYS_SEARCH_USER_PATHS = NO;
				CLANG_ANALYZER_NONNULL = YES;
				CLANG_CXX_LANGUAGE_STANDARD = "gnu++0x";
				CLANG_CXX_LIBRARY = "libc++";
				CLANG_ENABLE_MODULES = YES;
				CLANG_ENABLE_OBJC_ARC = YES;
				CLANG_WARN_BOOL_CONVERSION = YES;
				CLANG_WARN_CONSTANT_CONVERSION = YES;
				CLANG_WARN_DIRECT_OBJC_ISA_USAGE = YES_ERROR;
				CLANG_WARN_EMPTY_BODY = YES;
				CLANG_WARN_ENUM_CONVERSION = YES;
				CLANG_WARN_INT_CONVERSION = YES;
				CLANG_WARN_OBJC_ROOT_CLASS = YES_ERROR;
				CLANG_WARN_UNREACHABLE_CODE = YES;
				CLANG_WARN__DUPLICATE_METHOD_MATCH = YES;
				"CODE_SIGN_IDENTITY[sdk=iphoneos*]" = "iPhone Developer";
				COPY_PHASE_STRIP = NO;
				DEBUG_INFORMATION_FORMAT = dwarf;
				ENABLE_STRICT_OBJC_MSGSEND = YES;
				ENABLE_TESTABILITY = YES;
				GCC_C_LANGUAGE_STANDARD = gnu99;
				GCC_DYNAMIC_NO_PIC = NO;
				GCC_NO_COMMON_BLOCKS = YES;
				GCC_OPTIMIZATION_LEVEL = 0;
				GCC_PREPROCESSOR_DEFINITIONS = (
					"DEBUG=1",
					"$(inherited)",
				);
				GCC_WARN_64_TO_32_BIT_CONVERSION = YES;
				GCC_WARN_ABOUT_RETURN_TYPE = YES_ERROR;
				GCC_WARN_UNDECLARED_SELECTOR = YES;
				GCC_WARN_UNINITIALIZED_AUTOS = YES_AGGRESSIVE;
				GCC_WARN_UNUSED_FUNCTION = YES;
				GCC_WARN_UNUSED_VARIABLE = YES;
				IPHONEOS_DEPLOYMENT_TARGET = 9.3;
				MTL_ENABLE_DEBUG_INFO = YES;
				ONLY_ACTIVE_ARCH = YES;
				SDKROOT = iphoneos;
			};
			name = Debug;
		};
		5E72C5E11D5D21EC000942D6 /* Release */ = {
			isa = XCBuildConfiguration;
			buildSettings = {
				ALWAYS_SEARCH_USER_PATHS = NO;
				CLANG_ANALYZER_NONNULL = YES;
				CLANG_CXX_LANGUAGE_STANDARD = "gnu++0x";
				CLANG_CXX_LIBRARY = "libc++";
				CLANG_ENABLE_MODULES = YES;
				CLANG_ENABLE_OBJC_ARC = YES;
				CLANG_WARN_BOOL_CONVERSION = YES;
				CLANG_WARN_CONSTANT_CONVERSION = YES;
				CLANG_WARN_DIRECT_OBJC_ISA_USAGE = YES_ERROR;
				CLANG_WARN_EMPTY_BODY = YES;
				CLANG_WARN_ENUM_CONVERSION = YES;
				CLANG_WARN_INT_CONVERSION = YES;
				CLANG_WARN_OBJC_ROOT_CLASS = YES_ERROR;
				CLANG_WARN_UNREACHABLE_CODE = YES;
				CLANG_WARN__DUPLICATE_METHOD_MATCH = YES;
				"CODE_SIGN_IDENTITY[sdk=iphoneos*]" = "iPhone Developer";
				COPY_PHASE_STRIP = NO;
				DEBUG_INFORMATION_FORMAT = "dwarf-with-dsym";
				ENABLE_NS_ASSERTIONS = NO;
				ENABLE_STRICT_OBJC_MSGSEND = YES;
				GCC_C_LANGUAGE_STANDARD = gnu99;
				GCC_NO_COMMON_BLOCKS = YES;
				GCC_WARN_64_TO_32_BIT_CONVERSION = YES;
				GCC_WARN_ABOUT_RETURN_TYPE = YES_ERROR;
				GCC_WARN_UNDECLARED_SELECTOR = YES;
				GCC_WARN_UNINITIALIZED_AUTOS = YES_AGGRESSIVE;
				GCC_WARN_UNUSED_FUNCTION = YES;
				GCC_WARN_UNUSED_VARIABLE = YES;
				IPHONEOS_DEPLOYMENT_TARGET = 9.3;
				MTL_ENABLE_DEBUG_INFO = NO;
				SDKROOT = iphoneos;
				VALIDATE_PRODUCT = YES;
			};
			name = Release;
		};
		5E72C5E31D5D21EC000942D6 /* Debug */ = {
			isa = XCBuildConfiguration;
			buildSettings = {
				ASSETCATALOG_COMPILER_APPICON_NAME = AppIcon;
				CODE_SIGN_IDENTITY = "iPhone Developer";
				INFOPLIST_FILE = BNRTouchTracker/Info.plist;
				LD_RUNPATH_SEARCH_PATHS = "$(inherited) @executable_path/Frameworks";
				PRODUCT_BUNDLE_IDENTIFIER = jialinyang.BNRTouchTracker;
				PRODUCT_NAME = "$(TARGET_NAME)";
			};
			name = Debug;
		};
		5E72C5E41D5D21EC000942D6 /* Release */ = {
			isa = XCBuildConfiguration;
			buildSettings = {
				ASSETCATALOG_COMPILER_APPICON_NAME = AppIcon;
				CODE_SIGN_IDENTITY = "iPhone Developer";
				INFOPLIST_FILE = BNRTouchTracker/Info.plist;
				LD_RUNPATH_SEARCH_PATHS = "$(inherited) @executable_path/Frameworks";
				PRODUCT_BUNDLE_IDENTIFIER = jialinyang.BNRTouchTracker;
				PRODUCT_NAME = "$(TARGET_NAME)";
			};
			name = Release;
		};
/* End XCBuildConfiguration section */

/* Begin XCConfigurationList section */
		5E72C5C61D5D21EC000942D6 /* Build configuration list for PBXProject "BNRTouchTracker" */ = {
			isa = XCConfigurationList;
			buildConfigurations = (
				5E72C5E01D5D21EC000942D6 /* Debug */,
				5E72C5E11D5D21EC000942D6 /* Release */,
			);
			defaultConfigurationIsVisible = 0;
			defaultConfigurationName = Release;
		};
		5E72C5E21D5D21EC000942D6 /* Build configuration list for PBXNativeTarget "BNRTouchTracker" */ = {
			isa = XCConfigurationList;
			buildConfigurations = (
				5E72C5E31D5D21EC000942D6 /* Debug */,
				5E72C5E41D5D21EC000942D6 /* Release */,
			);
			defaultConfigurationIsVisible = 0;
		};
/* End XCConfigurationList section */
	};
	rootObject = 5E72C5C31D5D21EC000942D6 /* Project object */;
}
